
Microsoft Visual Studio Solution File, Format Version 12.00
# Visual Studio Version 17
VisualStudioVersion = 17.7.34009.444
MinimumVisualStudioVersion = 10.0.40219.1
Project("{FAE04EC0-301F-11D3-BF4B-00C04F79EFBC}") = "Project 19.8", "Project 19.8\Project 19.8.csproj", "{AE92CF93-FC97-4383-9F66-2763C3710186}"
EndProject
Global
	GlobalSection(SolutionConfigurationPlatforms) = preSolution
		Debug|Any CPU = Debug|Any CPU
		Release|Any CPU = Release|Any CPU
	EndGlobalSection
	GlobalSection(ProjectConfigurationPlatforms) = postSolution
		{AE92CF93-FC97-4383-9F66-2763C3710186}.Debug|Any CPU.ActiveCfg = Debug|Any CPU
		{AE92CF93-FC97-4383-9F66-2763C3710186}.Debug|Any CPU.Build.0 = Debug|Any CPU
		{AE92CF93-FC97-4383-9F66-2763C3710186}.Release|Any CPU.ActiveCfg = Release|Any CPU
		{AE92CF93-FC97-4383-9F66-2763C3710186}.Release|Any CPU.Build.0 = Release|Any CPU
	EndGlobalSection
	GlobalSection(SolutionProperties) = preSolution
		HideSolutionNode = FALSE
	EndGlobalSection
	GlobalSection(ExtensibilityGlobals) = postSolution
		SolutionGuid = {E4311660-C0E8-4CE4-91A8-E68C9720CBBC}
	EndGlobalSection
EndGlobal
